
Microsoft Visual Studio Solution File, Format Version 12.00
# Visual Studio Version 17
VisualStudioVersion = 17.0.31912.275
MinimumVisualStudioVersion = 10.0.40219.1
Project("{9A19103F-16F7-4668-BE54-9A1E7A4F7556}") = "Relationship.Function", "Relationship.Function\Relationship.Function.csproj", "{06D59548-C8AD-492B-95AC-EA70BDA32BE0}"
EndProject
Project("{FAE04EC0-301F-11D3-BF4B-00C04F79EFBC}") = "Relationship.Function.Tests", "Relationship.Function.Tests\Relationship.Function.Tests.csproj", "{C9527EAC-8295-4AC5-9A60-5813610A4A3B}"
EndProject
Global
	GlobalSection(SolutionConfigurationPlatforms) = preSolution
		Debug|Any CPU = Debug|Any CPU
		Release|Any CPU = Release|Any CPU
	EndGlobalSection
	GlobalSection(ProjectConfigurationPlatforms) = postSolution
		{06D59548-C8AD-492B-95AC-EA70BDA32BE0}.Debug|Any CPU.ActiveCfg = Debug|Any CPU
		{06D59548-C8AD-492B-95AC-EA70BDA32BE0}.Debug|Any CPU.Build.0 = Debug|Any CPU
		{06D59548-C8AD-492B-95AC-EA70BDA32BE0}.Release|Any CPU.ActiveCfg = Release|Any CPU
		{06D59548-C8AD-492B-95AC-EA70BDA32BE0}.Release|Any CPU.Build.0 = Release|Any CPU
		{C9527EAC-8295-4AC5-9A60-5813610A4A3B}.Debug|Any CPU.ActiveCfg = Debug|Any CPU
		{C9527EAC-8295-4AC5-9A60-5813610A4A3B}.Debug|Any CPU.Build.0 = Debug|Any CPU
		{C9527EAC-8295-4AC5-9A60-5813610A4A3B}.Release|Any CPU.ActiveCfg = Release|Any CPU
		{C9527EAC-8295-4AC5-9A60-5813610A4A3B}.Release|Any CPU.Build.0 = Release|Any CPU
	EndGlobalSection
	GlobalSection(SolutionProperties) = preSolution
		HideSolutionNode = FALSE
	EndGlobalSection
	GlobalSection(ExtensibilityGlobals) = postSolution
		SolutionGuid = {479CEF96-2771-40EB-A142-F6A07E220F02}
	EndGlobalSection
EndGlobal
