
Microsoft Visual Studio Solution File, Format Version 12.00
# Visual Studio Version 17
VisualStudioVersion = 17.0.31919.166
MinimumVisualStudioVersion = 10.0.40219.1
Project("{00D1A9C2-B5F0-4AF3-8072-F6C62B433612}") = "Relationship.Database", "Relationship.Database\Relationship.Database.sqlproj", "{7922D926-6743-4CD8-9C9E-50A4E2596CEE}"
EndProject
Global
	GlobalSection(SolutionConfigurationPlatforms) = preSolution
		Debug|Any CPU = Debug|Any CPU
		Release|Any CPU = Release|Any CPU
	EndGlobalSection
	GlobalSection(ProjectConfigurationPlatforms) = postSolution
		{7922D926-6743-4CD8-9C9E-50A4E2596CEE}.Debug|Any CPU.ActiveCfg = Debug|Any CPU
		{7922D926-6743-4CD8-9C9E-50A4E2596CEE}.Debug|Any CPU.Build.0 = Debug|Any CPU
		{7922D926-6743-4CD8-9C9E-50A4E2596CEE}.Debug|Any CPU.Deploy.0 = Debug|Any CPU
		{7922D926-6743-4CD8-9C9E-50A4E2596CEE}.Release|Any CPU.ActiveCfg = Release|Any CPU
		{7922D926-6743-4CD8-9C9E-50A4E2596CEE}.Release|Any CPU.Build.0 = Release|Any CPU
		{7922D926-6743-4CD8-9C9E-50A4E2596CEE}.Release|Any CPU.Deploy.0 = Release|Any CPU
	EndGlobalSection
	GlobalSection(SolutionProperties) = preSolution
		HideSolutionNode = FALSE
	EndGlobalSection
	GlobalSection(ExtensibilityGlobals) = postSolution
		SolutionGuid = {019A7B2B-06D1-40F4-946D-82E04E12B748}
	EndGlobalSection
EndGlobal
